
Microsoft Visual Studio Solution File, Format Version 12.00
# Visual Studio 2015
Project("{FAE04EC0-301F-11D3-BF4B-00C04F79EFBC}") = "Murphy's Law.CSharp", "Murphy's Law.CSharp.csproj", "{227C3568-3DD3-B064-00B0-6C14C4578C1C}"
EndProject
Global
	GlobalSection(SolutionConfigurationPlatforms) = preSolution
		Debug|Any CPU = Debug|Any CPU
		Release|Any CPU = Release|Any CPU
	EndGlobalSection
	GlobalSection(ProjectConfigurationPlatforms) = postSolution
		{227C3568-3DD3-B064-00B0-6C14C4578C1C}.Debug|Any CPU.ActiveCfg = Debug|Any CPU
		{227C3568-3DD3-B064-00B0-6C14C4578C1C}.Debug|Any CPU.Build.0 = Debug|Any CPU
		{227C3568-3DD3-B064-00B0-6C14C4578C1C}.Release|Any CPU.ActiveCfg = Release|Any CPU
		{227C3568-3DD3-B064-00B0-6C14C4578C1C}.Release|Any CPU.Build.0 = Release|Any CPU
	EndGlobalSection
	GlobalSection(SolutionProperties) = preSolution
		HideSolutionNode = FALSE
	EndGlobalSection
EndGlobal
